
Microsoft Visual Studio Solution File, Format Version 12.00
# Visual Studio Version 16
VisualStudioVersion = 16.0.30011.22
MinimumVisualStudioVersion = 10.0.40219.1
Project("{FAE04EC0-301F-11D3-BF4B-00C04F79EFBC}") = "docAndCom.Android", "docAndCom\docAndCom.Android\docAndCom.Android.csproj", "{DE442D5E-C8E8-4F02-9E26-8DACF85C8565}"
EndProject
Project("{FAE04EC0-301F-11D3-BF4B-00C04F79EFBC}") = "docAndCom", "docAndCom\docAndCom\docAndCom.csproj", "{AC98DE93-7085-415D-9010-11B5140DAD5F}"
EndProject
Global
	GlobalSection(SolutionConfigurationPlatforms) = preSolution
		Debug|Any CPU = Debug|Any CPU
		Release|Any CPU = Release|Any CPU
	EndGlobalSection
	GlobalSection(ProjectConfigurationPlatforms) = postSolution
		{DE442D5E-C8E8-4F02-9E26-8DACF85C8565}.Debug|Any CPU.ActiveCfg = Debug|Any CPU
		{DE442D5E-C8E8-4F02-9E26-8DACF85C8565}.Debug|Any CPU.Build.0 = Debug|Any CPU
		{DE442D5E-C8E8-4F02-9E26-8DACF85C8565}.Debug|Any CPU.Deploy.0 = Debug|Any CPU
		{DE442D5E-C8E8-4F02-9E26-8DACF85C8565}.Release|Any CPU.ActiveCfg = Release|Any CPU
		{DE442D5E-C8E8-4F02-9E26-8DACF85C8565}.Release|Any CPU.Build.0 = Release|Any CPU
		{DE442D5E-C8E8-4F02-9E26-8DACF85C8565}.Release|Any CPU.Deploy.0 = Release|Any CPU
		{AC98DE93-7085-415D-9010-11B5140DAD5F}.Debug|Any CPU.ActiveCfg = Debug|Any CPU
		{AC98DE93-7085-415D-9010-11B5140DAD5F}.Debug|Any CPU.Build.0 = Debug|Any CPU
		{AC98DE93-7085-415D-9010-11B5140DAD5F}.Debug|Any CPU.Deploy.0 = Debug|Any CPU
		{AC98DE93-7085-415D-9010-11B5140DAD5F}.Release|Any CPU.ActiveCfg = Release|Any CPU
		{AC98DE93-7085-415D-9010-11B5140DAD5F}.Release|Any CPU.Build.0 = Release|Any CPU
		{AC98DE93-7085-415D-9010-11B5140DAD5F}.Release|Any CPU.Deploy.0 = Release|Any CPU
	EndGlobalSection
	GlobalSection(SolutionProperties) = preSolution
		HideSolutionNode = FALSE
	EndGlobalSection
	GlobalSection(ExtensibilityGlobals) = postSolution
		SolutionGuid = {34554B38-B06C-4E30-B60C-F1C15E00FF25}
	EndGlobalSection
EndGlobal
